
Microsoft Visual Studio Solution File, Format Version 12.00
# Visual Studio Version 17
VisualStudioVersion = 17.0.31903.59
MinimumVisualStudioVersion = 10.0.40219.1
Project("{2150E333-8FDC-42A3-9474-1A3956D46DE8}") = "src", "src", "{21E278E4-26A7-4E58-8259-E5B3D79F24B6}"
EndProject
Project("{9A19103F-16F7-4668-BE54-9A1E7A4F7556}") = "OpenNetQ.Broker", "src\OpenNetQ.Broker\OpenNetQ.Broker.csproj", "{6611FDE1-C42E-4050-92B8-FDA1FDB1220B}"
EndProject
Project("{9A19103F-16F7-4668-BE54-9A1E7A4F7556}") = "OpenNetQ.Logging", "src\OpenNetQ.Logging\OpenNetQ.Logging.csproj", "{8A0A0BAB-CF53-4F1B-B383-89C9C1E06A22}"
EndProject
Project("{FAE04EC0-301F-11D3-BF4B-00C04F79EFBC}") = "OpenNetQ.NameServer", "src\OpenNetQ.NameServer\OpenNetQ.NameServer.csproj", "{5478F317-EBF0-4EED-AB13-3AFF63F7A99B}"
EndProject
Project("{FAE04EC0-301F-11D3-BF4B-00C04F79EFBC}") = "OpenNetQ.Remoting", "src\OpenNetQ.Remoting\OpenNetQ.Remoting.csproj", "{BACF1251-05D2-4224-A8FF-3C7BE943BDD0}"
EndProject
Project("{FAE04EC0-301F-11D3-BF4B-00C04F79EFBC}") = "OpenNetQ.Acl", "src\OpenNetQ.Acl\OpenNetQ.Acl.csproj", "{BC9ABB41-1465-4E78-9EF1-AD21BF5CCD0C}"
EndProject
Project("{FAE04EC0-301F-11D3-BF4B-00C04F79EFBC}") = "OpenNetQ.Store", "src\OpenNetQ.Store\OpenNetQ.Store.csproj", "{B0C24F72-2DDE-4809-82F6-F533531457C5}"
EndProject
Project("{FAE04EC0-301F-11D3-BF4B-00C04F79EFBC}") = "OpenNetQ.Tools", "src\OpenNetQ.Tools\OpenNetQ.Tools.csproj", "{96C740A1-F3EC-46D7-9FD2-237334730AC0}"
EndProject
Project("{FAE04EC0-301F-11D3-BF4B-00C04F79EFBC}") = "OpenNetQ.ServerUtil", "src\OpenNetQ.ServerUtil\OpenNetQ.ServerUtil.csproj", "{D8C80037-05D8-479E-B546-58BAA3687497}"
EndProject
Project("{FAE04EC0-301F-11D3-BF4B-00C04F79EFBC}") = "OpenNetQ.Common", "src\OpenNetQ.Common\OpenNetQ.Common.csproj", "{946E094D-2B54-41C4-AEFB-0C4187ACA00A}"
EndProject
Project("{FAE04EC0-301F-11D3-BF4B-00C04F79EFBC}") = "OpenNetQ.Filter", "src\OpenNetQ.Filter\OpenNetQ.Filter.csproj", "{F68B8CA1-0922-4CED-971A-ACA5F547D2A7}"
EndProject
Project("{FAE04EC0-301F-11D3-BF4B-00C04F79EFBC}") = "OpenNetQ.Distribution", "src\OpenNetQ.Distribution\OpenNetQ.Distribution.csproj", "{6473F7D6-D587-4F49-818D-1970EEE27591}"
EndProject
Project("{FAE04EC0-301F-11D3-BF4B-00C04F79EFBC}") = "OpenNetQ.Client", "src\OpenNetQ.Client\OpenNetQ.Client.csproj", "{86A862F1-8F9D-4750-ACEF-8B1A2138AE75}"
EndProject
Global
	GlobalSection(SolutionConfigurationPlatforms) = preSolution
		Debug|Any CPU = Debug|Any CPU
		Release|Any CPU = Release|Any CPU
	EndGlobalSection
	GlobalSection(ProjectConfigurationPlatforms) = postSolution
		{6611FDE1-C42E-4050-92B8-FDA1FDB1220B}.Debug|Any CPU.ActiveCfg = Debug|Any CPU
		{6611FDE1-C42E-4050-92B8-FDA1FDB1220B}.Debug|Any CPU.Build.0 = Debug|Any CPU
		{6611FDE1-C42E-4050-92B8-FDA1FDB1220B}.Release|Any CPU.ActiveCfg = Release|Any CPU
		{6611FDE1-C42E-4050-92B8-FDA1FDB1220B}.Release|Any CPU.Build.0 = Release|Any CPU
		{8A0A0BAB-CF53-4F1B-B383-89C9C1E06A22}.Debug|Any CPU.ActiveCfg = Debug|Any CPU
		{8A0A0BAB-CF53-4F1B-B383-89C9C1E06A22}.Debug|Any CPU.Build.0 = Debug|Any CPU
		{8A0A0BAB-CF53-4F1B-B383-89C9C1E06A22}.Release|Any CPU.ActiveCfg = Release|Any CPU
		{8A0A0BAB-CF53-4F1B-B383-89C9C1E06A22}.Release|Any CPU.Build.0 = Release|Any CPU
		{5478F317-EBF0-4EED-AB13-3AFF63F7A99B}.Debug|Any CPU.ActiveCfg = Debug|Any CPU
		{5478F317-EBF0-4EED-AB13-3AFF63F7A99B}.Debug|Any CPU.Build.0 = Debug|Any CPU
		{5478F317-EBF0-4EED-AB13-3AFF63F7A99B}.Release|Any CPU.ActiveCfg = Release|Any CPU
		{5478F317-EBF0-4EED-AB13-3AFF63F7A99B}.Release|Any CPU.Build.0 = Release|Any CPU
		{BACF1251-05D2-4224-A8FF-3C7BE943BDD0}.Debug|Any CPU.ActiveCfg = Debug|Any CPU
		{BACF1251-05D2-4224-A8FF-3C7BE943BDD0}.Debug|Any CPU.Build.0 = Debug|Any CPU
		{BACF1251-05D2-4224-A8FF-3C7BE943BDD0}.Release|Any CPU.ActiveCfg = Release|Any CPU
		{BACF1251-05D2-4224-A8FF-3C7BE943BDD0}.Release|Any CPU.Build.0 = Release|Any CPU
		{BC9ABB41-1465-4E78-9EF1-AD21BF5CCD0C}.Debug|Any CPU.ActiveCfg = Debug|Any CPU
		{BC9ABB41-1465-4E78-9EF1-AD21BF5CCD0C}.Debug|Any CPU.Build.0 = Debug|Any CPU
		{BC9ABB41-1465-4E78-9EF1-AD21BF5CCD0C}.Release|Any CPU.ActiveCfg = Release|Any CPU
		{BC9ABB41-1465-4E78-9EF1-AD21BF5CCD0C}.Release|Any CPU.Build.0 = Release|Any CPU
		{B0C24F72-2DDE-4809-82F6-F533531457C5}.Debug|Any CPU.ActiveCfg = Debug|Any CPU
		{B0C24F72-2DDE-4809-82F6-F533531457C5}.Debug|Any CPU.Build.0 = Debug|Any CPU
		{B0C24F72-2DDE-4809-82F6-F533531457C5}.Release|Any CPU.ActiveCfg = Release|Any CPU
		{B0C24F72-2DDE-4809-82F6-F533531457C5}.Release|Any CPU.Build.0 = Release|Any CPU
		{96C740A1-F3EC-46D7-9FD2-237334730AC0}.Debug|Any CPU.ActiveCfg = Debug|Any CPU
		{96C740A1-F3EC-46D7-9FD2-237334730AC0}.Debug|Any CPU.Build.0 = Debug|Any CPU
		{96C740A1-F3EC-46D7-9FD2-237334730AC0}.Release|Any CPU.ActiveCfg = Release|Any CPU
		{96C740A1-F3EC-46D7-9FD2-237334730AC0}.Release|Any CPU.Build.0 = Release|Any CPU
		{D8C80037-05D8-479E-B546-58BAA3687497}.Debug|Any CPU.ActiveCfg = Debug|Any CPU
		{D8C80037-05D8-479E-B546-58BAA3687497}.Debug|Any CPU.Build.0 = Debug|Any CPU
		{D8C80037-05D8-479E-B546-58BAA3687497}.Release|Any CPU.ActiveCfg = Release|Any CPU
		{D8C80037-05D8-479E-B546-58BAA3687497}.Release|Any CPU.Build.0 = Release|Any CPU
		{946E094D-2B54-41C4-AEFB-0C4187ACA00A}.Debug|Any CPU.ActiveCfg = Debug|Any CPU
		{946E094D-2B54-41C4-AEFB-0C4187ACA00A}.Debug|Any CPU.Build.0 = Debug|Any CPU
		{946E094D-2B54-41C4-AEFB-0C4187ACA00A}.Release|Any CPU.ActiveCfg = Release|Any CPU
		{946E094D-2B54-41C4-AEFB-0C4187ACA00A}.Release|Any CPU.Build.0 = Release|Any CPU
		{F68B8CA1-0922-4CED-971A-ACA5F547D2A7}.Debug|Any CPU.ActiveCfg = Debug|Any CPU
		{F68B8CA1-0922-4CED-971A-ACA5F547D2A7}.Debug|Any CPU.Build.0 = Debug|Any CPU
		{F68B8CA1-0922-4CED-971A-ACA5F547D2A7}.Release|Any CPU.ActiveCfg = Release|Any CPU
		{F68B8CA1-0922-4CED-971A-ACA5F547D2A7}.Release|Any CPU.Build.0 = Release|Any CPU
		{6473F7D6-D587-4F49-818D-1970EEE27591}.Debug|Any CPU.ActiveCfg = Debug|Any CPU
		{6473F7D6-D587-4F49-818D-1970EEE27591}.Debug|Any CPU.Build.0 = Debug|Any CPU
		{6473F7D6-D587-4F49-818D-1970EEE27591}.Release|Any CPU.ActiveCfg = Release|Any CPU
		{6473F7D6-D587-4F49-818D-1970EEE27591}.Release|Any CPU.Build.0 = Release|Any CPU
		{86A862F1-8F9D-4750-ACEF-8B1A2138AE75}.Debug|Any CPU.ActiveCfg = Debug|Any CPU
		{86A862F1-8F9D-4750-ACEF-8B1A2138AE75}.Debug|Any CPU.Build.0 = Debug|Any CPU
		{86A862F1-8F9D-4750-ACEF-8B1A2138AE75}.Release|Any CPU.ActiveCfg = Release|Any CPU
		{86A862F1-8F9D-4750-ACEF-8B1A2138AE75}.Release|Any CPU.Build.0 = Release|Any CPU
	EndGlobalSection
	GlobalSection(SolutionProperties) = preSolution
		HideSolutionNode = FALSE
	EndGlobalSection
	GlobalSection(NestedProjects) = preSolution
		{6611FDE1-C42E-4050-92B8-FDA1FDB1220B} = {21E278E4-26A7-4E58-8259-E5B3D79F24B6}
		{8A0A0BAB-CF53-4F1B-B383-89C9C1E06A22} = {21E278E4-26A7-4E58-8259-E5B3D79F24B6}
		{5478F317-EBF0-4EED-AB13-3AFF63F7A99B} = {21E278E4-26A7-4E58-8259-E5B3D79F24B6}
		{BACF1251-05D2-4224-A8FF-3C7BE943BDD0} = {21E278E4-26A7-4E58-8259-E5B3D79F24B6}
		{BC9ABB41-1465-4E78-9EF1-AD21BF5CCD0C} = {21E278E4-26A7-4E58-8259-E5B3D79F24B6}
		{B0C24F72-2DDE-4809-82F6-F533531457C5} = {21E278E4-26A7-4E58-8259-E5B3D79F24B6}
		{96C740A1-F3EC-46D7-9FD2-237334730AC0} = {21E278E4-26A7-4E58-8259-E5B3D79F24B6}
		{D8C80037-05D8-479E-B546-58BAA3687497} = {21E278E4-26A7-4E58-8259-E5B3D79F24B6}
		{946E094D-2B54-41C4-AEFB-0C4187ACA00A} = {21E278E4-26A7-4E58-8259-E5B3D79F24B6}
		{F68B8CA1-0922-4CED-971A-ACA5F547D2A7} = {21E278E4-26A7-4E58-8259-E5B3D79F24B6}
		{6473F7D6-D587-4F49-818D-1970EEE27591} = {21E278E4-26A7-4E58-8259-E5B3D79F24B6}
		{86A862F1-8F9D-4750-ACEF-8B1A2138AE75} = {21E278E4-26A7-4E58-8259-E5B3D79F24B6}
	EndGlobalSection
	GlobalSection(ExtensibilityGlobals) = postSolution
		SolutionGuid = {8B0C0B99-01AF-4A42-9AC6-348B0B10BB39}
	EndGlobalSection
EndGlobal
